// !$*UTF8*$!
{
	archiveVersion = 1;
	classes = {
	};
	objectVersion = 56;
	objects = {

/* Begin PBXBuildFile section */
		BA29D4612AEEDBF9005C0D61 /* SettingsRowView.swift in Sources */ = {isa = PBXBuildFile; fileRef = BA29D4602AEEDBF8005C0D61 /* SettingsRowView.swift */; };
		BA29D4642AEEDF09005C0D61 /* User.swift in Sources */ = {isa = PBXBuildFile; fileRef = BA29D4632AEEDF09005C0D61 /* User.swift */; };
		BA29D4682AEEE2CD005C0D61 /* GoogleService-Info.plist in Resources */ = {isa = PBXBuildFile; fileRef = BA29D4672AEEE2CD005C0D61 /* GoogleService-Info.plist */; };
		BA29D46B2AEEE324005C0D61 /* FirebaseAnalytics in Frameworks */ = {isa = PBXBuildFile; productRef = BA29D46A2AEEE324005C0D61 /* FirebaseAnalytics */; };
		BA29D46D2AEEE324005C0D61 /* FirebaseAnalyticsOnDeviceConversion in Frameworks */ = {isa = PBXBuildFile; productRef = BA29D46C2AEEE324005C0D61 /* FirebaseAnalyticsOnDeviceConversion */; };
		BA29D46F2AEEE324005C0D61 /* FirebaseAnalyticsSwift in Frameworks */ = {isa = PBXBuildFile; productRef = BA29D46E2AEEE324005C0D61 /* FirebaseAnalyticsSwift */; };
		BA29D4712AEEE324005C0D61 /* FirebaseAnalyticsWithoutAdIdSupport in Frameworks */ = {isa = PBXBuildFile; productRef = BA29D4702AEEE324005C0D61 /* FirebaseAnalyticsWithoutAdIdSupport */; };
		BA29D4732AEEE324005C0D61 /* FirebaseAppCheck in Frameworks */ = {isa = PBXBuildFile; productRef = BA29D4722AEEE324005C0D61 /* FirebaseAppCheck */; };
		BA29D4772AEEE416005C0D61 /* AuthViewModel.swift in Sources */ = {isa = PBXBuildFile; fileRef = BA29D4762AEEE416005C0D61 /* AuthViewModel.swift */; };
		BA7DC9E22AEEBD2000E696B9 /* ProfileView.swift in Sources */ = {isa = PBXBuildFile; fileRef = BA7DC9E12AEEBD2000E696B9 /* ProfileView.swift */; };
		BACFD6E62AED81C60023A04D /* fbdesign_backendApp.swift in Sources */ = {isa = PBXBuildFile; fileRef = BACFD6E52AED81C60023A04D /* fbdesign_backendApp.swift */; };
		BACFD6E82AED81C60023A04D /* ContentView.swift in Sources */ = {isa = PBXBuildFile; fileRef = BACFD6E72AED81C60023A04D /* ContentView.swift */; };
		BACFD6EA2AED81C80023A04D /* Assets.xcassets in Resources */ = {isa = PBXBuildFile; fileRef = BACFD6E92AED81C80023A04D /* Assets.xcassets */; };
		BACFD6ED2AED81C80023A04D /* Preview Assets.xcassets in Resources */ = {isa = PBXBuildFile; fileRef = BACFD6EC2AED81C80023A04D /* Preview Assets.xcassets */; };
		BACFD6F92AED824D0023A04D /* LoginView.swift in Sources */ = {isa = PBXBuildFile; fileRef = BACFD6F82AED824D0023A04D /* LoginView.swift */; };
		BACFD6FB2AED83B40023A04D /* InputView.swift in Sources */ = {isa = PBXBuildFile; fileRef = BACFD6FA2AED83B40023A04D /* InputView.swift */; };
		BACFD6FD2AED9A590023A04D /* RegistrationView.swift in Sources */ = {isa = PBXBuildFile; fileRef = BACFD6FC2AED9A590023A04D /* RegistrationView.swift */; };
		BAD5F28B2AEFD7C60003298F /* FirebaseAnalytics in Frameworks */ = {isa = PBXBuildFile; productRef = BAD5F28A2AEFD7C60003298F /* FirebaseAnalytics */; };
		BAD5F28D2AEFD7C60003298F /* FirebaseAnalyticsOnDeviceConversion in Frameworks */ = {isa = PBXBuildFile; productRef = BAD5F28C2AEFD7C60003298F /* FirebaseAnalyticsOnDeviceConversion */; };
		BAD5F28F2AEFD7C60003298F /* FirebaseAnalyticsSwift in Frameworks */ = {isa = PBXBuildFile; productRef = BAD5F28E2AEFD7C60003298F /* FirebaseAnalyticsSwift */; };
		BAD5F2912AEFD7C60003298F /* FirebaseAnalyticsWithoutAdIdSupport in Frameworks */ = {isa = PBXBuildFile; productRef = BAD5F2902AEFD7C60003298F /* FirebaseAnalyticsWithoutAdIdSupport */; };
		BAD5F2932AEFD7C60003298F /* FirebaseAppCheck in Frameworks */ = {isa = PBXBuildFile; productRef = BAD5F2922AEFD7C60003298F /* FirebaseAppCheck */; };
		BAD5F2952AEFD7C60003298F /* FirebaseAppDistribution-Beta in Frameworks */ = {isa = PBXBuildFile; productRef = BAD5F2942AEFD7C60003298F /* FirebaseAppDistribution-Beta */; };
		BAD5F2972AEFD7C60003298F /* FirebaseAuth in Frameworks */ = {isa = PBXBuildFile; productRef = BAD5F2962AEFD7C60003298F /* FirebaseAuth */; };
		BAD5F2992AEFD7C60003298F /* FirebaseAuthCombine-Community in Frameworks */ = {isa = PBXBuildFile; productRef = BAD5F2982AEFD7C60003298F /* FirebaseAuthCombine-Community */; };
		BAD5F29B2AEFD7C60003298F /* FirebaseCrashlytics in Frameworks */ = {isa = PBXBuildFile; productRef = BAD5F29A2AEFD7C60003298F /* FirebaseCrashlytics */; };
		BAD5F29D2AEFD7C60003298F /* FirebaseDatabase in Frameworks */ = {isa = PBXBuildFile; productRef = BAD5F29C2AEFD7C60003298F /* FirebaseDatabase */; };
		BAD5F29F2AEFD7C60003298F /* FirebaseDatabaseSwift in Frameworks */ = {isa = PBXBuildFile; productRef = BAD5F29E2AEFD7C60003298F /* FirebaseDatabaseSwift */; };
		BAD5F2A12AEFD7C60003298F /* FirebaseDynamicLinks in Frameworks */ = {isa = PBXBuildFile; productRef = BAD5F2A02AEFD7C60003298F /* FirebaseDynamicLinks */; };
		BAD5F2A32AEFD7C60003298F /* FirebaseFirestore in Frameworks */ = {isa = PBXBuildFile; productRef = BAD5F2A22AEFD7C60003298F /* FirebaseFirestore */; };
		BAD5F2A52AEFD7C60003298F /* FirebaseFirestoreCombine-Community in Frameworks */ = {isa = PBXBuildFile; productRef = BAD5F2A42AEFD7C60003298F /* FirebaseFirestoreCombine-Community */; };
		BAD5F2A72AEFD7C60003298F /* FirebaseFirestoreSwift in Frameworks */ = {isa = PBXBuildFile; productRef = BAD5F2A62AEFD7C60003298F /* FirebaseFirestoreSwift */; };
		BAD5F2A92AEFD7C60003298F /* FirebaseFunctions in Frameworks */ = {isa = PBXBuildFile; productRef = BAD5F2A82AEFD7C60003298F /* FirebaseFunctions */; };
		BAD5F2AB2AEFD7C60003298F /* FirebaseFunctionsCombine-Community in Frameworks */ = {isa = PBXBuildFile; productRef = BAD5F2AA2AEFD7C60003298F /* FirebaseFunctionsCombine-Community */; };
		BAD5F2AD2AEFD7C60003298F /* FirebaseInAppMessaging-Beta in Frameworks */ = {isa = PBXBuildFile; productRef = BAD5F2AC2AEFD7C60003298F /* FirebaseInAppMessaging-Beta */; };
		BAD5F2AF2AEFD7C60003298F /* FirebaseInAppMessagingSwift-Beta in Frameworks */ = {isa = PBXBuildFile; productRef = BAD5F2AE2AEFD7C60003298F /* FirebaseInAppMessagingSwift-Beta */; };
		BAD5F2B12AEFD7C60003298F /* FirebaseInstallations in Frameworks */ = {isa = PBXBuildFile; productRef = BAD5F2B02AEFD7C60003298F /* FirebaseInstallations */; };
		BAD5F2B32AEFD7C60003298F /* FirebaseMLModelDownloader in Frameworks */ = {isa = PBXBuildFile; productRef = BAD5F2B22AEFD7C60003298F /* FirebaseMLModelDownloader */; };
		BAD5F2B52AEFD7C60003298F /* FirebaseMessaging in Frameworks */ = {isa = PBXBuildFile; productRef = BAD5F2B42AEFD7C60003298F /* FirebaseMessaging */; };
		BAD5F2B72AEFD7C60003298F /* FirebasePerformance in Frameworks */ = {isa = PBXBuildFile; productRef = BAD5F2B62AEFD7C60003298F /* FirebasePerformance */; };
		BAD5F2B92AEFD7C60003298F /* FirebaseRemoteConfig in Frameworks */ = {isa = PBXBuildFile; productRef = BAD5F2B82AEFD7C60003298F /* FirebaseRemoteConfig */; };
		BAD5F2BB2AEFD7C60003298F /* FirebaseRemoteConfigSwift in Frameworks */ = {isa = PBXBuildFile; productRef = BAD5F2BA2AEFD7C60003298F /* FirebaseRemoteConfigSwift */; };
		BAD5F2BD2AEFD7C60003298F /* FirebaseStorage in Frameworks */ = {isa = PBXBuildFile; productRef = BAD5F2BC2AEFD7C60003298F /* FirebaseStorage */; };
		BAD5F2BF2AEFD7C60003298F /* FirebaseStorageCombine-Community in Frameworks */ = {isa = PBXBuildFile; productRef = BAD5F2BE2AEFD7C60003298F /* FirebaseStorageCombine-Community */; };
		BAD5F2C12AEFD84A0003298F /* FirebaseAnalytics in Frameworks */ = {isa = PBXBuildFile; productRef = BAD5F2C02AEFD84A0003298F /* FirebaseAnalytics */; };
		BAD5F2C32AEFD84A0003298F /* FirebaseAnalyticsOnDeviceConversion in Frameworks */ = {isa = PBXBuildFile; productRef = BAD5F2C22AEFD84A0003298F /* FirebaseAnalyticsOnDeviceConversion */; };
		BAD5F2C52AEFD84A0003298F /* FirebaseAnalyticsSwift in Frameworks */ = {isa = PBXBuildFile; productRef = BAD5F2C42AEFD84A0003298F /* FirebaseAnalyticsSwift */; };
		BAD5F2C72AEFD84A0003298F /* FirebaseAnalyticsWithoutAdIdSupport in Frameworks */ = {isa = PBXBuildFile; productRef = BAD5F2C62AEFD84A0003298F /* FirebaseAnalyticsWithoutAdIdSupport */; };
		BAD5F2C92AEFD84A0003298F /* FirebaseAppCheck in Frameworks */ = {isa = PBXBuildFile; productRef = BAD5F2C82AEFD84A0003298F /* FirebaseAppCheck */; };
		BAD5F2CB2AEFD84A0003298F /* FirebaseAppDistribution-Beta in Frameworks */ = {isa = PBXBuildFile; productRef = BAD5F2CA2AEFD84A0003298F /* FirebaseAppDistribution-Beta */; };
		BAD5F2CD2AEFD84A0003298F /* FirebaseAuth in Frameworks */ = {isa = PBXBuildFile; productRef = BAD5F2CC2AEFD84A0003298F /* FirebaseAuth */; };
		BAD5F2CF2AEFD84A0003298F /* FirebaseAuthCombine-Community in Frameworks */ = {isa = PBXBuildFile; productRef = BAD5F2CE2AEFD84A0003298F /* FirebaseAuthCombine-Community */; };
		BAD5F2D12AEFD84A0003298F /* FirebaseCrashlytics in Frameworks */ = {isa = PBXBuildFile; productRef = BAD5F2D02AEFD84A0003298F /* FirebaseCrashlytics */; };
		BAD5F2D32AEFD84A0003298F /* FirebaseDatabase in Frameworks */ = {isa = PBXBuildFile; productRef = BAD5F2D22AEFD84A0003298F /* FirebaseDatabase */; };
		BAD5F2D52AEFD84A0003298F /* FirebaseDatabaseSwift in Frameworks */ = {isa = PBXBuildFile; productRef = BAD5F2D42AEFD84A0003298F /* FirebaseDatabaseSwift */; };
		BAD5F2D72AEFD84A0003298F /* FirebaseDynamicLinks in Frameworks */ = {isa = PBXBuildFile; productRef = BAD5F2D62AEFD84A0003298F /* FirebaseDynamicLinks */; };
		BAD5F2D92AEFD84A0003298F /* FirebaseFirestore in Frameworks */ = {isa = PBXBuildFile; productRef = BAD5F2D82AEFD84A0003298F /* FirebaseFirestore */; };
		BAD5F2DB2AEFD84A0003298F /* FirebaseFirestoreCombine-Community in Frameworks */ = {isa = PBXBuildFile; productRef = BAD5F2DA2AEFD84A0003298F /* FirebaseFirestoreCombine-Community */; };
		BAD5F2DD2AEFD84A0003298F /* FirebaseFirestoreSwift in Frameworks */ = {isa = PBXBuildFile; productRef = BAD5F2DC2AEFD84A0003298F /* FirebaseFirestoreSwift */; };
		BAD5F2DF2AEFD84A0003298F /* FirebaseFunctions in Frameworks */ = {isa = PBXBuildFile; productRef = BAD5F2DE2AEFD84A0003298F /* FirebaseFunctions */; };
		BAD5F2E12AEFD84A0003298F /* FirebaseFunctionsCombine-Community in Frameworks */ = {isa = PBXBuildFile; productRef = BAD5F2E02AEFD84A0003298F /* FirebaseFunctionsCombine-Community */; };
		BAD5F2E32AEFD84A0003298F /* FirebaseInAppMessaging-Beta in Frameworks */ = {isa = PBXBuildFile; productRef = BAD5F2E22AEFD84A0003298F /* FirebaseInAppMessaging-Beta */; };
		BAD5F2E52AEFD84A0003298F /* FirebaseInAppMessagingSwift-Beta in Frameworks */ = {isa = PBXBuildFile; productRef = BAD5F2E42AEFD84A0003298F /* FirebaseInAppMessagingSwift-Beta */; };
		BAD5F2E72AEFD84A0003298F /* FirebaseInstallations in Frameworks */ = {isa = PBXBuildFile; productRef = BAD5F2E62AEFD84A0003298F /* FirebaseInstallations */; };
		BAD5F2E92AEFD84A0003298F /* FirebaseMLModelDownloader in Frameworks */ = {isa = PBXBuildFile; productRef = BAD5F2E82AEFD84A0003298F /* FirebaseMLModelDownloader */; };
		BAD5F2EB2AEFD84A0003298F /* FirebaseMessaging in Frameworks */ = {isa = PBXBuildFile; productRef = BAD5F2EA2AEFD84A0003298F /* FirebaseMessaging */; };
		BAD5F2ED2AEFD84A0003298F /* FirebasePerformance in Frameworks */ = {isa = PBXBuildFile; productRef = BAD5F2EC2AEFD84A0003298F /* FirebasePerformance */; };
		BAD5F2EF2AEFD84A0003298F /* FirebaseRemoteConfig in Frameworks */ = {isa = PBXBuildFile; productRef = BAD5F2EE2AEFD84A0003298F /* FirebaseRemoteConfig */; };
		BAD5F2F12AEFD84A0003298F /* FirebaseRemoteConfigSwift in Frameworks */ = {isa = PBXBuildFile; productRef = BAD5F2F02AEFD84A0003298F /* FirebaseRemoteConfigSwift */; };
		BAD5F2F32AEFD84A0003298F /* FirebaseStorage in Frameworks */ = {isa = PBXBuildFile; productRef = BAD5F2F22AEFD84A0003298F /* FirebaseStorage */; };
		BAD5F2F52AEFD84A0003298F /* FirebaseStorageCombine-Community in Frameworks */ = {isa = PBXBuildFile; productRef = BAD5F2F42AEFD84A0003298F /* FirebaseStorageCombine-Community */; };
/* End PBXBuildFile section */

/* Begin PBXFileReference section */
		BA29D4602AEEDBF8005C0D61 /* SettingsRowView.swift */ = {isa = PBXFileReference; lastKnownFileType = sourcecode.swift; path = SettingsRowView.swift; sourceTree = "<group>"; };
		BA29D4632AEEDF09005C0D61 /* User.swift */ = {isa = PBXFileReference; lastKnownFileType = sourcecode.swift; path = User.swift; sourceTree = "<group>"; };
		BA29D4672AEEE2CD005C0D61 /* GoogleService-Info.plist */ = {isa = PBXFileReference; fileEncoding = 4; lastKnownFileType = text.plist.xml; name = "GoogleService-Info.plist"; path = "../../../../Downloads/GoogleService-Info.plist"; sourceTree = "<group>"; };
		BA29D4762AEEE416005C0D61 /* AuthViewModel.swift */ = {isa = PBXFileReference; lastKnownFileType = sourcecode.swift; path = AuthViewModel.swift; sourceTree = "<group>"; };
		BA7DC9E12AEEBD2000E696B9 /* ProfileView.swift */ = {isa = PBXFileReference; lastKnownFileType = sourcecode.swift; path = ProfileView.swift; sourceTree = "<group>"; };
		BACFD6E22AED81C60023A04D /* fbdesign-backend.app */ = {isa = PBXFileReference; explicitFileType = wrapper.application; includeInIndex = 0; path = "fbdesign-backend.app"; sourceTree = BUILT_PRODUCTS_DIR; };
		BACFD6E52AED81C60023A04D /* fbdesign_backendApp.swift */ = {isa = PBXFileReference; lastKnownFileType = sourcecode.swift; path = fbdesign_backendApp.swift; sourceTree = "<group>"; };
		BACFD6E72AED81C60023A04D /* ContentView.swift */ = {isa = PBXFileReference; lastKnownFileType = sourcecode.swift; path = ContentView.swift; sourceTree = "<group>"; };
		BACFD6E92AED81C80023A04D /* Assets.xcassets */ = {isa = PBXFileReference; lastKnownFileType = folder.assetcatalog; path = Assets.xcassets; sourceTree = "<group>"; };
		BACFD6EC2AED81C80023A04D /* Preview Assets.xcassets */ = {isa = PBXFileReference; lastKnownFileType = folder.assetcatalog; path = "Preview Assets.xcassets"; sourceTree = "<group>"; };
		BACFD6F82AED824D0023A04D /* LoginView.swift */ = {isa = PBXFileReference; lastKnownFileType = sourcecode.swift; path = LoginView.swift; sourceTree = "<group>"; };
		BACFD6FA2AED83B40023A04D /* InputView.swift */ = {isa = PBXFileReference; lastKnownFileType = sourcecode.swift; path = InputView.swift; sourceTree = "<group>"; };
		BACFD6FC2AED9A590023A04D /* RegistrationView.swift */ = {isa = PBXFileReference; lastKnownFileType = sourcecode.swift; path = RegistrationView.swift; sourceTree = "<group>"; };
/* End PBXFileReference section */

/* Begin PBXFrameworksBuildPhase section */
		BACFD6DF2AED81C60023A04D /* Frameworks */ = {
			isa = PBXFrameworksBuildPhase;
			buildActionMask = 2147483647;
			files = (
				BAD5F2EB2AEFD84A0003298F /* FirebaseMessaging in Frameworks */,
				BAD5F2B52AEFD7C60003298F /* FirebaseMessaging in Frameworks */,
				BAD5F2E52AEFD84A0003298F /* FirebaseInAppMessagingSwift-Beta in Frameworks */,
				BAD5F2C32AEFD84A0003298F /* FirebaseAnalyticsOnDeviceConversion in Frameworks */,
				BAD5F2A52AEFD7C60003298F /* FirebaseFirestoreCombine-Community in Frameworks */,
				BAD5F29D2AEFD7C60003298F /* FirebaseDatabase in Frameworks */,
				BAD5F2C92AEFD84A0003298F /* FirebaseAppCheck in Frameworks */,
				BAD5F2C52AEFD84A0003298F /* FirebaseAnalyticsSwift in Frameworks */,
				BA29D46F2AEEE324005C0D61 /* FirebaseAnalyticsSwift in Frameworks */,
				BAD5F2BD2AEFD7C60003298F /* FirebaseStorage in Frameworks */,
				BAD5F2C72AEFD84A0003298F /* FirebaseAnalyticsWithoutAdIdSupport in Frameworks */,
				BAD5F2F32AEFD84A0003298F /* FirebaseStorage in Frameworks */,
				BAD5F2F52AEFD84A0003298F /* FirebaseStorageCombine-Community in Frameworks */,
				BA29D46B2AEEE324005C0D61 /* FirebaseAnalytics in Frameworks */,
				BAD5F2CD2AEFD84A0003298F /* FirebaseAuth in Frameworks */,
				BAD5F28B2AEFD7C60003298F /* FirebaseAnalytics in Frameworks */,
				BAD5F2D32AEFD84A0003298F /* FirebaseDatabase in Frameworks */,
				BAD5F29B2AEFD7C60003298F /* FirebaseCrashlytics in Frameworks */,
				BAD5F2E72AEFD84A0003298F /* FirebaseInstallations in Frameworks */,
				BAD5F2A32AEFD7C60003298F /* FirebaseFirestore in Frameworks */,
				BAD5F2A12AEFD7C60003298F /* FirebaseDynamicLinks in Frameworks */,
				BAD5F2BF2AEFD7C60003298F /* FirebaseStorageCombine-Community in Frameworks */,
				BAD5F2D52AEFD84A0003298F /* FirebaseDatabaseSwift in Frameworks */,
				BAD5F2F12AEFD84A0003298F /* FirebaseRemoteConfigSwift in Frameworks */,
				BAD5F28D2AEFD7C60003298F /* FirebaseAnalyticsOnDeviceConversion in Frameworks */,
				BAD5F2ED2AEFD84A0003298F /* FirebasePerformance in Frameworks */,
				BAD5F2AB2AEFD7C60003298F /* FirebaseFunctionsCombine-Community in Frameworks */,
				BAD5F2AF2AEFD7C60003298F /* FirebaseInAppMessagingSwift-Beta in Frameworks */,
				BAD5F2B32AEFD7C60003298F /* FirebaseMLModelDownloader in Frameworks */,
				BAD5F2AD2AEFD7C60003298F /* FirebaseInAppMessaging-Beta in Frameworks */,
				BAD5F2D92AEFD84A0003298F /* FirebaseFirestore in Frameworks */,
				BAD5F2D72AEFD84A0003298F /* FirebaseDynamicLinks in Frameworks */,
				BAD5F2DD2AEFD84A0003298F /* FirebaseFirestoreSwift in Frameworks */,
				BAD5F2B72AEFD7C60003298F /* FirebasePerformance in Frameworks */,
				BAD5F2EF2AEFD84A0003298F /* FirebaseRemoteConfig in Frameworks */,
				BAD5F2DF2AEFD84A0003298F /* FirebaseFunctions in Frameworks */,
				BAD5F2E12AEFD84A0003298F /* FirebaseFunctionsCombine-Community in Frameworks */,
				BAD5F2E32AEFD84A0003298F /* FirebaseInAppMessaging-Beta in Frameworks */,
				BAD5F2C12AEFD84A0003298F /* FirebaseAnalytics in Frameworks */,
				BAD5F2992AEFD7C60003298F /* FirebaseAuthCombine-Community in Frameworks */,
				BAD5F28F2AEFD7C60003298F /* FirebaseAnalyticsSwift in Frameworks */,
				BAD5F29F2AEFD7C60003298F /* FirebaseDatabaseSwift in Frameworks */,
				BA29D46D2AEEE324005C0D61 /* FirebaseAnalyticsOnDeviceConversion in Frameworks */,
				BAD5F2B92AEFD7C60003298F /* FirebaseRemoteConfig in Frameworks */,
				BA29D4732AEEE324005C0D61 /* FirebaseAppCheck in Frameworks */,
				BAD5F2972AEFD7C60003298F /* FirebaseAuth in Frameworks */,
				BAD5F2A92AEFD7C60003298F /* FirebaseFunctions in Frameworks */,
				BAD5F2D12AEFD84A0003298F /* FirebaseCrashlytics in Frameworks */,
				BAD5F2B12AEFD7C60003298F /* FirebaseInstallations in Frameworks */,
				BAD5F2DB2AEFD84A0003298F /* FirebaseFirestoreCombine-Community in Frameworks */,
				BAD5F2CB2AEFD84A0003298F /* FirebaseAppDistribution-Beta in Frameworks */,
				BAD5F2A72AEFD7C60003298F /* FirebaseFirestoreSwift in Frameworks */,
				BAD5F2E92AEFD84A0003298F /* FirebaseMLModelDownloader in Frameworks */,
				BAD5F2912AEFD7C60003298F /* FirebaseAnalyticsWithoutAdIdSupport in Frameworks */,
				BAD5F2932AEFD7C60003298F /* FirebaseAppCheck in Frameworks */,
				BAD5F2BB2AEFD7C60003298F /* FirebaseRemoteConfigSwift in Frameworks */,
				BAD5F2952AEFD7C60003298F /* FirebaseAppDistribution-Beta in Frameworks */,
				BA29D4712AEEE324005C0D61 /* FirebaseAnalyticsWithoutAdIdSupport in Frameworks */,
				BAD5F2CF2AEFD84A0003298F /* FirebaseAuthCombine-Community in Frameworks */,
			);
			runOnlyForDeploymentPostprocessing = 0;
		};
/* End PBXFrameworksBuildPhase section */

/* Begin PBXGroup section */
		BA29D4622AEEDEE8005C0D61 /* model */ = {
			isa = PBXGroup;
			children = (
				BA29D4632AEEDF09005C0D61 /* User.swift */,
			);
			path = model;
			sourceTree = "<group>";
		};
		BA29D4742AEEE3EE005C0D61 /* View */ = {
			isa = PBXGroup;
			children = (
				BACFD6F82AED824D0023A04D /* LoginView.swift */,
				BACFD6FC2AED9A590023A04D /* RegistrationView.swift */,
			);
			path = View;
			sourceTree = "<group>";
		};
		BA29D4752AEEE3F6005C0D61 /* ViewModel */ = {
			isa = PBXGroup;
			children = (
				BA29D4762AEEE416005C0D61 /* AuthViewModel.swift */,
			);
			path = ViewModel;
			sourceTree = "<group>";
		};
		BA7DC9E02AEEBD0500E696B9 /* Profile */ = {
			isa = PBXGroup;
			children = (
				BA7DC9E12AEEBD2000E696B9 /* ProfileView.swift */,
			);
			path = Profile;
			sourceTree = "<group>";
		};
		BACFD6D92AED81C60023A04D = {
			isa = PBXGroup;
			children = (
				BACFD6E42AED81C60023A04D /* fbdesign-backend */,
				BACFD6E32AED81C60023A04D /* Products */,
			);
			sourceTree = "<group>";
		};
		BACFD6E32AED81C60023A04D /* Products */ = {
			isa = PBXGroup;
			children = (
				BACFD6E22AED81C60023A04D /* fbdesign-backend.app */,
			);
			name = Products;
			sourceTree = "<group>";
		};
		BACFD6E42AED81C60023A04D /* fbdesign-backend */ = {
			isa = PBXGroup;
			children = (
				BA29D4672AEEE2CD005C0D61 /* GoogleService-Info.plist */,
				BACFD6F32AED81E30023A04D /* App */,
				BACFD6F42AED81E90023A04D /* Components */,
				BACFD6F62AED82000023A04D /* Core */,
				BA7DC9E02AEEBD0500E696B9 /* Profile */,
				BACFD6F72AED820F0023A04D /* Root */,
				BA29D4622AEEDEE8005C0D61 /* model */,
				BACFD6E92AED81C80023A04D /* Assets.xcassets */,
				BACFD6EB2AED81C80023A04D /* Preview Content */,
			);
			path = "fbdesign-backend";
			sourceTree = "<group>";
		};
		BACFD6EB2AED81C80023A04D /* Preview Content */ = {
			isa = PBXGroup;
			children = (
				BACFD6EC2AED81C80023A04D /* Preview Assets.xcassets */,
			);
			path = "Preview Content";
			sourceTree = "<group>";
		};
		BACFD6F32AED81E30023A04D /* App */ = {
			isa = PBXGroup;
			children = (
				BACFD6E52AED81C60023A04D /* fbdesign_backendApp.swift */,
			);
			path = App;
			sourceTree = "<group>";
		};
		BACFD6F42AED81E90023A04D /* Components */ = {
			isa = PBXGroup;
			children = (
				BACFD6FA2AED83B40023A04D /* InputView.swift */,
				BA29D4602AEEDBF8005C0D61 /* SettingsRowView.swift */,
			);
			path = Components;
			sourceTree = "<group>";
		};
		BACFD6F52AED81F20023A04D /* Authentication */ = {
			isa = PBXGroup;
			children = (
				BA29D4742AEEE3EE005C0D61 /* View */,
				BA29D4752AEEE3F6005C0D61 /* ViewModel */,
			);
			path = Authentication;
			sourceTree = "<group>";
		};
		BACFD6F62AED82000023A04D /* Core */ = {
			isa = PBXGroup;
			children = (
				BACFD6F52AED81F20023A04D /* Authentication */,
			);
			path = Core;
			sourceTree = "<group>";
		};
		BACFD6F72AED820F0023A04D /* Root */ = {
			isa = PBXGroup;
			children = (
				BACFD6E72AED81C60023A04D /* ContentView.swift */,
			);
			path = Root;
			sourceTree = "<group>";
		};
/* End PBXGroup section */

/* Begin PBXNativeTarget section */
		BACFD6E12AED81C60023A04D /* fbdesign-backend */ = {
			isa = PBXNativeTarget;
			buildConfigurationList = BACFD6F02AED81C80023A04D /* Build configuration list for PBXNativeTarget "fbdesign-backend" */;
			buildPhases = (
				BACFD6DE2AED81C60023A04D /* Sources */,
				BACFD6DF2AED81C60023A04D /* Frameworks */,
				BACFD6E02AED81C60023A04D /* Resources */,
			);
			buildRules = (
			);
			dependencies = (
			);
			name = "fbdesign-backend";
			packageProductDependencies = (
				BA29D46A2AEEE324005C0D61 /* FirebaseAnalytics */,
				BA29D46C2AEEE324005C0D61 /* FirebaseAnalyticsOnDeviceConversion */,
				BA29D46E2AEEE324005C0D61 /* FirebaseAnalyticsSwift */,
				BA29D4702AEEE324005C0D61 /* FirebaseAnalyticsWithoutAdIdSupport */,
				BA29D4722AEEE324005C0D61 /* FirebaseAppCheck */,
				BAD5F28A2AEFD7C60003298F /* FirebaseAnalytics */,
				BAD5F28C2AEFD7C60003298F /* FirebaseAnalyticsOnDeviceConversion */,
				BAD5F28E2AEFD7C60003298F /* FirebaseAnalyticsSwift */,
				BAD5F2902AEFD7C60003298F /* FirebaseAnalyticsWithoutAdIdSupport */,
				BAD5F2922AEFD7C60003298F /* FirebaseAppCheck */,
				BAD5F2942AEFD7C60003298F /* FirebaseAppDistribution-Beta */,
				BAD5F2962AEFD7C60003298F /* FirebaseAuth */,
				BAD5F2982AEFD7C60003298F /* FirebaseAuthCombine-Community */,
				BAD5F29A2AEFD7C60003298F /* FirebaseCrashlytics */,
				BAD5F29C2AEFD7C60003298F /* FirebaseDatabase */,
				BAD5F29E2AEFD7C60003298F /* FirebaseDatabaseSwift */,
				BAD5F2A02AEFD7C60003298F /* FirebaseDynamicLinks */,
				BAD5F2A22AEFD7C60003298F /* FirebaseFirestore */,
				BAD5F2A42AEFD7C60003298F /* FirebaseFirestoreCombine-Community */,
				BAD5F2A62AEFD7C60003298F /* FirebaseFirestoreSwift */,
				BAD5F2A82AEFD7C60003298F /* FirebaseFunctions */,
				BAD5F2AA2AEFD7C60003298F /* FirebaseFunctionsCombine-Community */,
				BAD5F2AC2AEFD7C60003298F /* FirebaseInAppMessaging-Beta */,
				BAD5F2AE2AEFD7C60003298F /* FirebaseInAppMessagingSwift-Beta */,
				BAD5F2B02AEFD7C60003298F /* FirebaseInstallations */,
				BAD5F2B22AEFD7C60003298F /* FirebaseMLModelDownloader */,
				BAD5F2B42AEFD7C60003298F /* FirebaseMessaging */,
				BAD5F2B62AEFD7C60003298F /* FirebasePerformance */,
				BAD5F2B82AEFD7C60003298F /* FirebaseRemoteConfig */,
				BAD5F2BA2AEFD7C60003298F /* FirebaseRemoteConfigSwift */,
				BAD5F2BC2AEFD7C60003298F /* FirebaseStorage */,
				BAD5F2BE2AEFD7C60003298F /* FirebaseStorageCombine-Community */,
				BAD5F2C02AEFD84A0003298F /* FirebaseAnalytics */,
				BAD5F2C22AEFD84A0003298F /* FirebaseAnalyticsOnDeviceConversion */,
				BAD5F2C42AEFD84A0003298F /* FirebaseAnalyticsSwift */,
				BAD5F2C62AEFD84A0003298F /* FirebaseAnalyticsWithoutAdIdSupport */,
				BAD5F2C82AEFD84A0003298F /* FirebaseAppCheck */,
				BAD5F2CA2AEFD84A0003298F /* FirebaseAppDistribution-Beta */,
				BAD5F2CC2AEFD84A0003298F /* FirebaseAuth */,
				BAD5F2CE2AEFD84A0003298F /* FirebaseAuthCombine-Community */,
				BAD5F2D02AEFD84A0003298F /* FirebaseCrashlytics */,
				BAD5F2D22AEFD84A0003298F /* FirebaseDatabase */,
				BAD5F2D42AEFD84A0003298F /* FirebaseDatabaseSwift */,
				BAD5F2D62AEFD84A0003298F /* FirebaseDynamicLinks */,
				BAD5F2D82AEFD84A0003298F /* FirebaseFirestore */,
				BAD5F2DA2AEFD84A0003298F /* FirebaseFirestoreCombine-Community */,
				BAD5F2DC2AEFD84A0003298F /* FirebaseFirestoreSwift */,
				BAD5F2DE2AEFD84A0003298F /* FirebaseFunctions */,
				BAD5F2E02AEFD84A0003298F /* FirebaseFunctionsCombine-Community */,
				BAD5F2E22AEFD84A0003298F /* FirebaseInAppMessaging-Beta */,
				BAD5F2E42AEFD84A0003298F /* FirebaseInAppMessagingSwift-Beta */,
				BAD5F2E62AEFD84A0003298F /* FirebaseInstallations */,
				BAD5F2E82AEFD84A0003298F /* FirebaseMLModelDownloader */,
				BAD5F2EA2AEFD84A0003298F /* FirebaseMessaging */,
				BAD5F2EC2AEFD84A0003298F /* FirebasePerformance */,
				BAD5F2EE2AEFD84A0003298F /* FirebaseRemoteConfig */,
				BAD5F2F02AEFD84A0003298F /* FirebaseRemoteConfigSwift */,
				BAD5F2F22AEFD84A0003298F /* FirebaseStorage */,
				BAD5F2F42AEFD84A0003298F /* FirebaseStorageCombine-Community */,
			);
			productName = "fbdesign-backend";
			productReference = BACFD6E22AED81C60023A04D /* fbdesign-backend.app */;
			productType = "com.apple.product-type.application";
		};
/* End PBXNativeTarget section */

/* Begin PBXProject section */
		BACFD6DA2AED81C60023A04D /* Project object */ = {
			isa = PBXProject;
			attributes = {
				BuildIndependentTargetsInParallel = 1;
				LastSwiftUpdateCheck = 1500;
				LastUpgradeCheck = 1500;
				TargetAttributes = {
					BACFD6E12AED81C60023A04D = {
						CreatedOnToolsVersion = 15.0.1;
					};
				};
			};
			buildConfigurationList = BACFD6DD2AED81C60023A04D /* Build configuration list for PBXProject "fbdesign-backend" */;
			compatibilityVersion = "Xcode 14.0";
			developmentRegion = en;
			hasScannedForEncodings = 0;
			knownRegions = (
				en,
				Base,
			);
			mainGroup = BACFD6D92AED81C60023A04D;
			packageReferences = (
				BA29D4692AEEE324005C0D61 /* XCRemoteSwiftPackageReference "firebase-ios-sdk" */,
			);
			productRefGroup = BACFD6E32AED81C60023A04D /* Products */;
			projectDirPath = "";
			projectRoot = "";
			targets = (
				BACFD6E12AED81C60023A04D /* fbdesign-backend */,
			);
		};
/* End PBXProject section */

/* Begin PBXResourcesBuildPhase section */
		BACFD6E02AED81C60023A04D /* Resources */ = {
			isa = PBXResourcesBuildPhase;
			buildActionMask = 2147483647;
			files = (
				BACFD6ED2AED81C80023A04D /* Preview Assets.xcassets in Resources */,
				BACFD6EA2AED81C80023A04D /* Assets.xcassets in Resources */,
				BA29D4682AEEE2CD005C0D61 /* GoogleService-Info.plist in Resources */,
			);
			runOnlyForDeploymentPostprocessing = 0;
		};
/* End PBXResourcesBuildPhase section */

/* Begin PBXSourcesBuildPhase section */
		BACFD6DE2AED81C60023A04D /* Sources */ = {
			isa = PBXSourcesBuildPhase;
			buildActionMask = 2147483647;
			files = (
				BACFD6F92AED824D0023A04D /* LoginView.swift in Sources */,
				BACFD6FB2AED83B40023A04D /* InputView.swift in Sources */,
				BACFD6E82AED81C60023A04D /* ContentView.swift in Sources */,
				BACFD6E62AED81C60023A04D /* fbdesign_backendApp.swift in Sources */,
				BA29D4642AEEDF09005C0D61 /* User.swift in Sources */,
				BA7DC9E22AEEBD2000E696B9 /* ProfileView.swift in Sources */,
				BACFD6FD2AED9A590023A04D /* RegistrationView.swift in Sources */,
				BA29D4612AEEDBF9005C0D61 /* SettingsRowView.swift in Sources */,
				BA29D4772AEEE416005C0D61 /* AuthViewModel.swift in Sources */,
			);
			runOnlyForDeploymentPostprocessing = 0;
		};
/* End PBXSourcesBuildPhase section */

/* Begin XCBuildConfiguration section */
		BACFD6EE2AED81C80023A04D /* Debug */ = {
			isa = XCBuildConfiguration;
			buildSettings = {
				ALWAYS_SEARCH_USER_PATHS = NO;
				ASSETCATALOG_COMPILER_GENERATE_SWIFT_ASSET_SYMBOL_EXTENSIONS = YES;
				CLANG_ANALYZER_NONNULL = YES;
				CLANG_ANALYZER_NUMBER_OBJECT_CONVERSION = YES_AGGRESSIVE;
				CLANG_CXX_LANGUAGE_STANDARD = "gnu++20";
				CLANG_ENABLE_MODULES = YES;
				CLANG_ENABLE_OBJC_ARC = YES;
				CLANG_ENABLE_OBJC_WEAK = YES;
				CLANG_WARN_BLOCK_CAPTURE_AUTORELEASING = YES;
				CLANG_WARN_BOOL_CONVERSION = YES;
				CLANG_WARN_COMMA = YES;
				CLANG_WARN_CONSTANT_CONVERSION = YES;
				CLANG_WARN_DEPRECATED_OBJC_IMPLEMENTATIONS = YES;
				CLANG_WARN_DIRECT_OBJC_ISA_USAGE = YES_ERROR;
				CLANG_WARN_DOCUMENTATION_COMMENTS = YES;
				CLANG_WARN_EMPTY_BODY = YES;
				CLANG_WARN_ENUM_CONVERSION = YES;
				CLANG_WARN_INFINITE_RECURSION = YES;
				CLANG_WARN_INT_CONVERSION = YES;
				CLANG_WARN_NON_LITERAL_NULL_CONVERSION = YES;
				CLANG_WARN_OBJC_IMPLICIT_RETAIN_SELF = YES;
				CLANG_WARN_OBJC_LITERAL_CONVERSION = YES;
				CLANG_WARN_OBJC_ROOT_CLASS = YES_ERROR;
				CLANG_WARN_QUOTED_INCLUDE_IN_FRAMEWORK_HEADER = YES;
				CLANG_WARN_RANGE_LOOP_ANALYSIS = YES;
				CLANG_WARN_STRICT_PROTOTYPES = YES;
				CLANG_WARN_SUSPICIOUS_MOVE = YES;
				CLANG_WARN_UNGUARDED_AVAILABILITY = YES_AGGRESSIVE;
				CLANG_WARN_UNREACHABLE_CODE = YES;
				CLANG_WARN__DUPLICATE_METHOD_MATCH = YES;
				COPY_PHASE_STRIP = NO;
				DEBUG_INFORMATION_FORMAT = dwarf;
				ENABLE_STRICT_OBJC_MSGSEND = YES;
				ENABLE_TESTABILITY = YES;
				ENABLE_USER_SCRIPT_SANDBOXING = YES;
				GCC_C_LANGUAGE_STANDARD = gnu17;
				GCC_DYNAMIC_NO_PIC = NO;
				GCC_NO_COMMON_BLOCKS = YES;
				GCC_OPTIMIZATION_LEVEL = 0;
				GCC_PREPROCESSOR_DEFINITIONS = (
					"DEBUG=1",
					"$(inherited)",
				);
				GCC_WARN_64_TO_32_BIT_CONVERSION = YES;
				GCC_WARN_ABOUT_RETURN_TYPE = YES_ERROR;
				GCC_WARN_UNDECLARED_SELECTOR = YES;
				GCC_WARN_UNINITIALIZED_AUTOS = YES_AGGRESSIVE;
				GCC_WARN_UNUSED_FUNCTION = YES;
				GCC_WARN_UNUSED_VARIABLE = YES;
				IPHONEOS_DEPLOYMENT_TARGET = 17.0;
				LOCALIZATION_PREFERS_STRING_CATALOGS = YES;
				MTL_ENABLE_DEBUG_INFO = INCLUDE_SOURCE;
				MTL_FAST_MATH = YES;
				ONLY_ACTIVE_ARCH = YES;
				SDKROOT = iphoneos;
				SWIFT_ACTIVE_COMPILATION_CONDITIONS = "DEBUG $(inherited)";
				SWIFT_OPTIMIZATION_LEVEL = "-Onone";
			};
			name = Debug;
		};
		BACFD6EF2AED81C80023A04D /* Release */ = {
			isa = XCBuildConfiguration;
			buildSettings = {
				ALWAYS_SEARCH_USER_PATHS = NO;
				ASSETCATALOG_COMPILER_GENERATE_SWIFT_ASSET_SYMBOL_EXTENSIONS = YES;
				CLANG_ANALYZER_NONNULL = YES;
				CLANG_ANALYZER_NUMBER_OBJECT_CONVERSION = YES_AGGRESSIVE;
				CLANG_CXX_LANGUAGE_STANDARD = "gnu++20";
				CLANG_ENABLE_MODULES = YES;
				CLANG_ENABLE_OBJC_ARC = YES;
				CLANG_ENABLE_OBJC_WEAK = YES;
				CLANG_WARN_BLOCK_CAPTURE_AUTORELEASING = YES;
				CLANG_WARN_BOOL_CONVERSION = YES;
				CLANG_WARN_COMMA = YES;
				CLANG_WARN_CONSTANT_CONVERSION = YES;
				CLANG_WARN_DEPRECATED_OBJC_IMPLEMENTATIONS = YES;
				CLANG_WARN_DIRECT_OBJC_ISA_USAGE = YES_ERROR;
				CLANG_WARN_DOCUMENTATION_COMMENTS = YES;
				CLANG_WARN_EMPTY_BODY = YES;
				CLANG_WARN_ENUM_CONVERSION = YES;
				CLANG_WARN_INFINITE_RECURSION = YES;
				CLANG_WARN_INT_CONVERSION = YES;
				CLANG_WARN_NON_LITERAL_NULL_CONVERSION = YES;
				CLANG_WARN_OBJC_IMPLICIT_RETAIN_SELF = YES;
				CLANG_WARN_OBJC_LITERAL_CONVERSION = YES;
				CLANG_WARN_OBJC_ROOT_CLASS = YES_ERROR;
				CLANG_WARN_QUOTED_INCLUDE_IN_FRAMEWORK_HEADER = YES;
				CLANG_WARN_RANGE_LOOP_ANALYSIS = YES;
				CLANG_WARN_STRICT_PROTOTYPES = YES;
				CLANG_WARN_SUSPICIOUS_MOVE = YES;
				CLANG_WARN_UNGUARDED_AVAILABILITY = YES_AGGRESSIVE;
				CLANG_WARN_UNREACHABLE_CODE = YES;
				CLANG_WARN__DUPLICATE_METHOD_MATCH = YES;
				COPY_PHASE_STRIP = NO;
				DEBUG_INFORMATION_FORMAT = "dwarf-with-dsym";
				ENABLE_NS_ASSERTIONS = NO;
				ENABLE_STRICT_OBJC_MSGSEND = YES;
				ENABLE_USER_SCRIPT_SANDBOXING = YES;
				GCC_C_LANGUAGE_STANDARD = gnu17;
				GCC_NO_COMMON_BLOCKS = YES;
				GCC_WARN_64_TO_32_BIT_CONVERSION = YES;
				GCC_WARN_ABOUT_RETURN_TYPE = YES_ERROR;
				GCC_WARN_UNDECLARED_SELECTOR = YES;
				GCC_WARN_UNINITIALIZED_AUTOS = YES_AGGRESSIVE;
				GCC_WARN_UNUSED_FUNCTION = YES;
				GCC_WARN_UNUSED_VARIABLE = YES;
				IPHONEOS_DEPLOYMENT_TARGET = 17.0;
				LOCALIZATION_PREFERS_STRING_CATALOGS = YES;
				MTL_ENABLE_DEBUG_INFO = NO;
				MTL_FAST_MATH = YES;
				SDKROOT = iphoneos;
				SWIFT_COMPILATION_MODE = wholemodule;
				VALIDATE_PRODUCT = YES;
			};
			name = Release;
		};
		BACFD6F12AED81C80023A04D /* Debug */ = {
			isa = XCBuildConfiguration;
			buildSettings = {
				ASSETCATALOG_COMPILER_APPICON_NAME = AppIcon;
				ASSETCATALOG_COMPILER_GLOBAL_ACCENT_COLOR_NAME = AccentColor;
				CODE_SIGN_STYLE = Automatic;
				CURRENT_PROJECT_VERSION = 1;
				DEVELOPMENT_ASSET_PATHS = "\"fbdesign-backend/Preview Content\"";
				ENABLE_PREVIEWS = YES;
				GENERATE_INFOPLIST_FILE = YES;
				INFOPLIST_KEY_UIApplicationSceneManifest_Generation = YES;
				INFOPLIST_KEY_UIApplicationSupportsIndirectInputEvents = YES;
				INFOPLIST_KEY_UILaunchScreen_Generation = YES;
				INFOPLIST_KEY_UISupportedInterfaceOrientations_iPad = "UIInterfaceOrientationPortrait UIInterfaceOrientationPortraitUpsideDown UIInterfaceOrientationLandscapeLeft UIInterfaceOrientationLandscapeRight";
				INFOPLIST_KEY_UISupportedInterfaceOrientations_iPhone = "UIInterfaceOrientationPortrait UIInterfaceOrientationLandscapeLeft UIInterfaceOrientationLandscapeRight";
				LD_RUNPATH_SEARCH_PATHS = (
					"$(inherited)",
					"@executable_path/Frameworks",
				);
				MARKETING_VERSION = 1.0;
				PRODUCT_BUNDLE_IDENTIFIER = "com.fbdesign.backend.fbdesign-backend";
				PRODUCT_NAME = "$(TARGET_NAME)";
				SWIFT_EMIT_LOC_STRINGS = YES;
				SWIFT_VERSION = 5.0;
				TARGETED_DEVICE_FAMILY = "1,2";
			};
			name = Debug;
		};
		BACFD6F22AED81C80023A04D /* Release */ = {
			isa = XCBuildConfiguration;
			buildSettings = {
				ASSETCATALOG_COMPILER_APPICON_NAME = AppIcon;
				ASSETCATALOG_COMPILER_GLOBAL_ACCENT_COLOR_NAME = AccentColor;
				CODE_SIGN_STYLE = Automatic;
				CURRENT_PROJECT_VERSION = 1;
				DEVELOPMENT_ASSET_PATHS = "\"fbdesign-backend/Preview Content\"";
				ENABLE_PREVIEWS = YES;
				GENERATE_INFOPLIST_FILE = YES;
				INFOPLIST_KEY_UIApplicationSceneManifest_Generation = YES;
				INFOPLIST_KEY_UIApplicationSupportsIndirectInputEvents = YES;
				INFOPLIST_KEY_UILaunchScreen_Generation = YES;
				INFOPLIST_KEY_UISupportedInterfaceOrientations_iPad = "UIInterfaceOrientationPortrait UIInterfaceOrientationPortraitUpsideDown UIInterfaceOrientationLandscapeLeft UIInterfaceOrientationLandscapeRight";
				INFOPLIST_KEY_UISupportedInterfaceOrientations_iPhone = "UIInterfaceOrientationPortrait UIInterfaceOrientationLandscapeLeft UIInterfaceOrientationLandscapeRight";
				LD_RUNPATH_SEARCH_PATHS = (
					"$(inherited)",
					"@executable_path/Frameworks",
				);
				MARKETING_VERSION = 1.0;
				PRODUCT_BUNDLE_IDENTIFIER = "com.fbdesign.backend.fbdesign-backend";
				PRODUCT_NAME = "$(TARGET_NAME)";
				SWIFT_EMIT_LOC_STRINGS = YES;
				SWIFT_VERSION = 5.0;
				TARGETED_DEVICE_FAMILY = "1,2";
			};
			name = Release;
		};
/* End XCBuildConfiguration section */

/* Begin XCConfigurationList section */
		BACFD6DD2AED81C60023A04D /* Build configuration list for PBXProject "fbdesign-backend" */ = {
			isa = XCConfigurationList;
			buildConfigurations = (
				BACFD6EE2AED81C80023A04D /* Debug */,
				BACFD6EF2AED81C80023A04D /* Release */,
			);
			defaultConfigurationIsVisible = 0;
			defaultConfigurationName = Release;
		};
		BACFD6F02AED81C80023A04D /* Build configuration list for PBXNativeTarget "fbdesign-backend" */ = {
			isa = XCConfigurationList;
			buildConfigurations = (
				BACFD6F12AED81C80023A04D /* Debug */,
				BACFD6F22AED81C80023A04D /* Release */,
			);
			defaultConfigurationIsVisible = 0;
			defaultConfigurationName = Release;
		};
/* End XCConfigurationList section */

/* Begin XCRemoteSwiftPackageReference section */
		BA29D4692AEEE324005C0D61 /* XCRemoteSwiftPackageReference "firebase-ios-sdk" */ = {
			isa = XCRemoteSwiftPackageReference;
			repositoryURL = "https://github.com/firebase/firebase-ios-sdk.git";
			requirement = {
				kind = upToNextMajorVersion;
				minimumVersion = 10.16.0;
			};
		};
/* End XCRemoteSwiftPackageReference section */

/* Begin XCSwiftPackageProductDependency section */
		BA29D46A2AEEE324005C0D61 /* FirebaseAnalytics */ = {
			isa = XCSwiftPackageProductDependency;
			package = BA29D4692AEEE324005C0D61 /* XCRemoteSwiftPackageReference "firebase-ios-sdk" */;
			productName = FirebaseAnalytics;
		};
		BA29D46C2AEEE324005C0D61 /* FirebaseAnalyticsOnDeviceConversion */ = {
			isa = XCSwiftPackageProductDependency;
			package = BA29D4692AEEE324005C0D61 /* XCRemoteSwiftPackageReference "firebase-ios-sdk" */;
			productName = FirebaseAnalyticsOnDeviceConversion;
		};
		BA29D46E2AEEE324005C0D61 /* FirebaseAnalyticsSwift */ = {
			isa = XCSwiftPackageProductDependency;
			package = BA29D4692AEEE324005C0D61 /* XCRemoteSwiftPackageReference "firebase-ios-sdk" */;
			productName = FirebaseAnalyticsSwift;
		};
		BA29D4702AEEE324005C0D61 /* FirebaseAnalyticsWithoutAdIdSupport */ = {
			isa = XCSwiftPackageProductDependency;
			package = BA29D4692AEEE324005C0D61 /* XCRemoteSwiftPackageReference "firebase-ios-sdk" */;
			productName = FirebaseAnalyticsWithoutAdIdSupport;
		};
		BA29D4722AEEE324005C0D61 /* FirebaseAppCheck */ = {
			isa = XCSwiftPackageProductDependency;
			package = BA29D4692AEEE324005C0D61 /* XCRemoteSwiftPackageReference "firebase-ios-sdk" */;
			productName = FirebaseAppCheck;
		};
		BAD5F28A2AEFD7C60003298F /* FirebaseAnalytics */ = {
			isa = XCSwiftPackageProductDependency;
			package = BA29D4692AEEE324005C0D61 /* XCRemoteSwiftPackageReference "firebase-ios-sdk" */;
			productName = FirebaseAnalytics;
		};
		BAD5F28C2AEFD7C60003298F /* FirebaseAnalyticsOnDeviceConversion */ = {
			isa = XCSwiftPackageProductDependency;
			package = BA29D4692AEEE324005C0D61 /* XCRemoteSwiftPackageReference "firebase-ios-sdk" */;
			productName = FirebaseAnalyticsOnDeviceConversion;
		};
		BAD5F28E2AEFD7C60003298F /* FirebaseAnalyticsSwift */ = {
			isa = XCSwiftPackageProductDependency;
			package = BA29D4692AEEE324005C0D61 /* XCRemoteSwiftPackageReference "firebase-ios-sdk" */;
			productName = FirebaseAnalyticsSwift;
		};
		BAD5F2902AEFD7C60003298F /* FirebaseAnalyticsWithoutAdIdSupport */ = {
			isa = XCSwiftPackageProductDependency;
			package = BA29D4692AEEE324005C0D61 /* XCRemoteSwiftPackageReference "firebase-ios-sdk" */;
			productName = FirebaseAnalyticsWithoutAdIdSupport;
		};
		BAD5F2922AEFD7C60003298F /* FirebaseAppCheck */ = {
			isa = XCSwiftPackageProductDependency;
			package = BA29D4692AEEE324005C0D61 /* XCRemoteSwiftPackageReference "firebase-ios-sdk" */;
			productName = FirebaseAppCheck;
		};
		BAD5F2942AEFD7C60003298F /* FirebaseAppDistribution-Beta */ = {
			isa = XCSwiftPackageProductDependency;
			package = BA29D4692AEEE324005C0D61 /* XCRemoteSwiftPackageReference "firebase-ios-sdk" */;
			productName = "FirebaseAppDistribution-Beta";
		};
		BAD5F2962AEFD7C60003298F /* FirebaseAuth */ = {
			isa = XCSwiftPackageProductDependency;
			package = BA29D4692AEEE324005C0D61 /* XCRemoteSwiftPackageReference "firebase-ios-sdk" */;
			productName = FirebaseAuth;
		};
		BAD5F2982AEFD7C60003298F /* FirebaseAuthCombine-Community */ = {
			isa = XCSwiftPackageProductDependency;
			package = BA29D4692AEEE324005C0D61 /* XCRemoteSwiftPackageReference "firebase-ios-sdk" */;
			productName = "FirebaseAuthCombine-Community";
		};
		BAD5F29A2AEFD7C60003298F /* FirebaseCrashlytics */ = {
			isa = XCSwiftPackageProductDependency;
			package = BA29D4692AEEE324005C0D61 /* XCRemoteSwiftPackageReference "firebase-ios-sdk" */;
			productName = FirebaseCrashlytics;
		};
		BAD5F29C2AEFD7C60003298F /* FirebaseDatabase */ = {
			isa = XCSwiftPackageProductDependency;
			package = BA29D4692AEEE324005C0D61 /* XCRemoteSwiftPackageReference "firebase-ios-sdk" */;
			productName = FirebaseDatabase;
		};
		BAD5F29E2AEFD7C60003298F /* FirebaseDatabaseSwift */ = {
			isa = XCSwiftPackageProductDependency;
			package = BA29D4692AEEE324005C0D61 /* XCRemoteSwiftPackageReference "firebase-ios-sdk" */;
			productName = FirebaseDatabaseSwift;
		};
		BAD5F2A02AEFD7C60003298F /* FirebaseDynamicLinks */ = {
			isa = XCSwiftPackageProductDependency;
			package = BA29D4692AEEE324005C0D61 /* XCRemoteSwiftPackageReference "firebase-ios-sdk" */;
			productName = FirebaseDynamicLinks;
		};
		BAD5F2A22AEFD7C60003298F /* FirebaseFirestore */ = {
			isa = XCSwiftPackageProductDependency;
			package = BA29D4692AEEE324005C0D61 /* XCRemoteSwiftPackageReference "firebase-ios-sdk" */;
			productName = FirebaseFirestore;
		};
		BAD5F2A42AEFD7C60003298F /* FirebaseFirestoreCombine-Community */ = {
			isa = XCSwiftPackageProductDependency;
			package = BA29D4692AEEE324005C0D61 /* XCRemoteSwiftPackageReference "firebase-ios-sdk" */;
			productName = "FirebaseFirestoreCombine-Community";
		};
		BAD5F2A62AEFD7C60003298F /* FirebaseFirestoreSwift */ = {
			isa = XCSwiftPackageProductDependency;
			package = BA29D4692AEEE324005C0D61 /* XCRemoteSwiftPackageReference "firebase-ios-sdk" */;
			productName = FirebaseFirestoreSwift;
		};
		BAD5F2A82AEFD7C60003298F /* FirebaseFunctions */ = {
			isa = XCSwiftPackageProductDependency;
			package = BA29D4692AEEE324005C0D61 /* XCRemoteSwiftPackageReference "firebase-ios-sdk" */;
			productName = FirebaseFunctions;
		};
		BAD5F2AA2AEFD7C60003298F /* FirebaseFunctionsCombine-Community */ = {
			isa = XCSwiftPackageProductDependency;
			package = BA29D4692AEEE324005C0D61 /* XCRemoteSwiftPackageReference "firebase-ios-sdk" */;
			productName = "FirebaseFunctionsCombine-Community";
		};
		BAD5F2AC2AEFD7C60003298F /* FirebaseInAppMessaging-Beta */ = {
			isa = XCSwiftPackageProductDependency;
			package = BA29D4692AEEE324005C0D61 /* XCRemoteSwiftPackageReference "firebase-ios-sdk" */;
			productName = "FirebaseInAppMessaging-Beta";
		};
		BAD5F2AE2AEFD7C60003298F /* FirebaseInAppMessagingSwift-Beta */ = {
			isa = XCSwiftPackageProductDependency;
			package = BA29D4692AEEE324005C0D61 /* XCRemoteSwiftPackageReference "firebase-ios-sdk" */;
			productName = "FirebaseInAppMessagingSwift-Beta";
		};
		BAD5F2B02AEFD7C60003298F /* FirebaseInstallations */ = {
			isa = XCSwiftPackageProductDependency;
			package = BA29D4692AEEE324005C0D61 /* XCRemoteSwiftPackageReference "firebase-ios-sdk" */;
			productName = FirebaseInstallations;
		};
		BAD5F2B22AEFD7C60003298F /* FirebaseMLModelDownloader */ = {
			isa = XCSwiftPackageProductDependency;
			package = BA29D4692AEEE324005C0D61 /* XCRemoteSwiftPackageReference "firebase-ios-sdk" */;
			productName = FirebaseMLModelDownloader;
		};
		BAD5F2B42AEFD7C60003298F /* FirebaseMessaging */ = {
			isa = XCSwiftPackageProductDependency;
			package = BA29D4692AEEE324005C0D61 /* XCRemoteSwiftPackageReference "firebase-ios-sdk" */;
			productName = FirebaseMessaging;
		};
		BAD5F2B62AEFD7C60003298F /* FirebasePerformance */ = {
			isa = XCSwiftPackageProductDependency;
			package = BA29D4692AEEE324005C0D61 /* XCRemoteSwiftPackageReference "firebase-ios-sdk" */;
			productName = FirebasePerformance;
		};
		BAD5F2B82AEFD7C60003298F /* FirebaseRemoteConfig */ = {
			isa = XCSwiftPackageProductDependency;
			package = BA29D4692AEEE324005C0D61 /* XCRemoteSwiftPackageReference "firebase-ios-sdk" */;
			productName = FirebaseRemoteConfig;
		};
		BAD5F2BA2AEFD7C60003298F /* FirebaseRemoteConfigSwift */ = {
			isa = XCSwiftPackageProductDependency;
			package = BA29D4692AEEE324005C0D61 /* XCRemoteSwiftPackageReference "firebase-ios-sdk" */;
			productName = FirebaseRemoteConfigSwift;
		};
		BAD5F2BC2AEFD7C60003298F /* FirebaseStorage */ = {
			isa = XCSwiftPackageProductDependency;
			package = BA29D4692AEEE324005C0D61 /* XCRemoteSwiftPackageReference "firebase-ios-sdk" */;
			productName = FirebaseStorage;
		};
		BAD5F2BE2AEFD7C60003298F /* FirebaseStorageCombine-Community */ = {
			isa = XCSwiftPackageProductDependency;
			package = BA29D4692AEEE324005C0D61 /* XCRemoteSwiftPackageReference "firebase-ios-sdk" */;
			productName = "FirebaseStorageCombine-Community";
		};
		BAD5F2C02AEFD84A0003298F /* FirebaseAnalytics */ = {
			isa = XCSwiftPackageProductDependency;
			package = BA29D4692AEEE324005C0D61 /* XCRemoteSwiftPackageReference "firebase-ios-sdk" */;
			productName = FirebaseAnalytics;
		};
		BAD5F2C22AEFD84A0003298F /* FirebaseAnalyticsOnDeviceConversion */ = {
			isa = XCSwiftPackageProductDependency;
			package = BA29D4692AEEE324005C0D61 /* XCRemoteSwiftPackageReference "firebase-ios-sdk" */;
			productName = FirebaseAnalyticsOnDeviceConversion;
		};
		BAD5F2C42AEFD84A0003298F /* FirebaseAnalyticsSwift */ = {
			isa = XCSwiftPackageProductDependency;
			package = BA29D4692AEEE324005C0D61 /* XCRemoteSwiftPackageReference "firebase-ios-sdk" */;
			productName = FirebaseAnalyticsSwift;
		};
		BAD5F2C62AEFD84A0003298F /* FirebaseAnalyticsWithoutAdIdSupport */ = {
			isa = XCSwiftPackageProductDependency;
			package = BA29D4692AEEE324005C0D61 /* XCRemoteSwiftPackageReference "firebase-ios-sdk" */;
			productName = FirebaseAnalyticsWithoutAdIdSupport;
		};
		BAD5F2C82AEFD84A0003298F /* FirebaseAppCheck */ = {
			isa = XCSwiftPackageProductDependency;
			package = BA29D4692AEEE324005C0D61 /* XCRemoteSwiftPackageReference "firebase-ios-sdk" */;
			productName = FirebaseAppCheck;
		};
		BAD5F2CA2AEFD84A0003298F /* FirebaseAppDistribution-Beta */ = {
			isa = XCSwiftPackageProductDependency;
			package = BA29D4692AEEE324005C0D61 /* XCRemoteSwiftPackageReference "firebase-ios-sdk" */;
			productName = "FirebaseAppDistribution-Beta";
		};
		BAD5F2CC2AEFD84A0003298F /* FirebaseAuth */ = {
			isa = XCSwiftPackageProductDependency;
			package = BA29D4692AEEE324005C0D61 /* XCRemoteSwiftPackageReference "firebase-ios-sdk" */;
			productName = FirebaseAuth;
		};
		BAD5F2CE2AEFD84A0003298F /* FirebaseAuthCombine-Community */ = {
			isa = XCSwiftPackageProductDependency;
			package = BA29D4692AEEE324005C0D61 /* XCRemoteSwiftPackageReference "firebase-ios-sdk" */;
			productName = "FirebaseAuthCombine-Community";
		};
		BAD5F2D02AEFD84A0003298F /* FirebaseCrashlytics */ = {
			isa = XCSwiftPackageProductDependency;
			package = BA29D4692AEEE324005C0D61 /* XCRemoteSwiftPackageReference "firebase-ios-sdk" */;
			productName = FirebaseCrashlytics;
		};
		BAD5F2D22AEFD84A0003298F /* FirebaseDatabase */ = {
			isa = XCSwiftPackageProductDependency;
			package = BA29D4692AEEE324005C0D61 /* XCRemoteSwiftPackageReference "firebase-ios-sdk" */;
			productName = FirebaseDatabase;
		};
		BAD5F2D42AEFD84A0003298F /* FirebaseDatabaseSwift */ = {
			isa = XCSwiftPackageProductDependency;
			package = BA29D4692AEEE324005C0D61 /* XCRemoteSwiftPackageReference "firebase-ios-sdk" */;
			productName = FirebaseDatabaseSwift;
		};
		BAD5F2D62AEFD84A0003298F /* FirebaseDynamicLinks */ = {
			isa = XCSwiftPackageProductDependency;
			package = BA29D4692AEEE324005C0D61 /* XCRemoteSwiftPackageReference "firebase-ios-sdk" */;
			productName = FirebaseDynamicLinks;
		};
		BAD5F2D82AEFD84A0003298F /* FirebaseFirestore */ = {
			isa = XCSwiftPackageProductDependency;
			package = BA29D4692AEEE324005C0D61 /* XCRemoteSwiftPackageReference "firebase-ios-sdk" */;
			productName = FirebaseFirestore;
		};
		BAD5F2DA2AEFD84A0003298F /* FirebaseFirestoreCombine-Community */ = {
			isa = XCSwiftPackageProductDependency;
			package = BA29D4692AEEE324005C0D61 /* XCRemoteSwiftPackageReference "firebase-ios-sdk" */;
			productName = "FirebaseFirestoreCombine-Community";
		};
		BAD5F2DC2AEFD84A0003298F /* FirebaseFirestoreSwift */ = {
			isa = XCSwiftPackageProductDependency;
			package = BA29D4692AEEE324005C0D61 /* XCRemoteSwiftPackageReference "firebase-ios-sdk" */;
			productName = FirebaseFirestoreSwift;
		};
		BAD5F2DE2AEFD84A0003298F /* FirebaseFunctions */ = {
			isa = XCSwiftPackageProductDependency;
			package = BA29D4692AEEE324005C0D61 /* XCRemoteSwiftPackageReference "firebase-ios-sdk" */;
			productName = FirebaseFunctions;
		};
		BAD5F2E02AEFD84A0003298F /* FirebaseFunctionsCombine-Community */ = {
			isa = XCSwiftPackageProductDependency;
			package = BA29D4692AEEE324005C0D61 /* XCRemoteSwiftPackageReference "firebase-ios-sdk" */;
			productName = "FirebaseFunctionsCombine-Community";
		};
		BAD5F2E22AEFD84A0003298F /* FirebaseInAppMessaging-Beta */ = {
			isa = XCSwiftPackageProductDependency;
			package = BA29D4692AEEE324005C0D61 /* XCRemoteSwiftPackageReference "firebase-ios-sdk" */;
			productName = "FirebaseInAppMessaging-Beta";
		};
		BAD5F2E42AEFD84A0003298F /* FirebaseInAppMessagingSwift-Beta */ = {
			isa = XCSwiftPackageProductDependency;
			package = BA29D4692AEEE324005C0D61 /* XCRemoteSwiftPackageReference "firebase-ios-sdk" */;
			productName = "FirebaseInAppMessagingSwift-Beta";
		};
		BAD5F2E62AEFD84A0003298F /* FirebaseInstallations */ = {
			isa = XCSwiftPackageProductDependency;
			package = BA29D4692AEEE324005C0D61 /* XCRemoteSwiftPackageReference "firebase-ios-sdk" */;
			productName = FirebaseInstallations;
		};
		BAD5F2E82AEFD84A0003298F /* FirebaseMLModelDownloader */ = {
			isa = XCSwiftPackageProductDependency;
			package = BA29D4692AEEE324005C0D61 /* XCRemoteSwiftPackageReference "firebase-ios-sdk" */;
			productName = FirebaseMLModelDownloader;
		};
		BAD5F2EA2AEFD84A0003298F /* FirebaseMessaging */ = {
			isa = XCSwiftPackageProductDependency;
			package = BA29D4692AEEE324005C0D61 /* XCRemoteSwiftPackageReference "firebase-ios-sdk" */;
			productName = FirebaseMessaging;
		};
		BAD5F2EC2AEFD84A0003298F /* FirebasePerformance */ = {
			isa = XCSwiftPackageProductDependency;
			package = BA29D4692AEEE324005C0D61 /* XCRemoteSwiftPackageReference "firebase-ios-sdk" */;
			productName = FirebasePerformance;
		};
		BAD5F2EE2AEFD84A0003298F /* FirebaseRemoteConfig */ = {
			isa = XCSwiftPackageProductDependency;
			package = BA29D4692AEEE324005C0D61 /* XCRemoteSwiftPackageReference "firebase-ios-sdk" */;
			productName = FirebaseRemoteConfig;
		};
		BAD5F2F02AEFD84A0003298F /* FirebaseRemoteConfigSwift */ = {
			isa = XCSwiftPackageProductDependency;
			package = BA29D4692AEEE324005C0D61 /* XCRemoteSwiftPackageReference "firebase-ios-sdk" */;
			productName = FirebaseRemoteConfigSwift;
		};
		BAD5F2F22AEFD84A0003298F /* FirebaseStorage */ = {
			isa = XCSwiftPackageProductDependency;
			package = BA29D4692AEEE324005C0D61 /* XCRemoteSwiftPackageReference "firebase-ios-sdk" */;
			productName = FirebaseStorage;
		};
		BAD5F2F42AEFD84A0003298F /* FirebaseStorageCombine-Community */ = {
			isa = XCSwiftPackageProductDependency;
			package = BA29D4692AEEE324005C0D61 /* XCRemoteSwiftPackageReference "firebase-ios-sdk" */;
			productName = "FirebaseStorageCombine-Community";
		};
/* End XCSwiftPackageProductDependency section */
	};
	rootObject = BACFD6DA2AED81C60023A04D /* Project object */;
}
